// !$*UTF8*$!
{
	archiveVersion = 1;
	classes = {
	};
	objectVersion = 46;
	objects = {

/* Begin PBXBuildFile section */
		933B36E91ADBC4DD0078B9F9 /* main.m in Sources */ = {isa = PBXBuildFile; fileRef = 933B36E81ADBC4DD0078B9F9 /* main.m */; };
		933B36EC1ADBC4DD0078B9F9 /* AppDelegate.m in Sources */ = {isa = PBXBuildFile; fileRef = 933B36EB1ADBC4DD0078B9F9 /* AppDelegate.m */; };
		933B36F21ADBC4DD0078B9F9 /* Main.storyboard in Resources */ = {isa = PBXBuildFile; fileRef = 933B36F01ADBC4DD0078B9F9 /* Main.storyboard */; };
		933B36F41ADBC4DD0078B9F9 /* Images.xcassets in Resources */ = {isa = PBXBuildFile; fileRef = 933B36F31ADBC4DD0078B9F9 /* Images.xcassets */; };
		933B36F71ADBC4DD0078B9F9 /* LaunchScreen.xib in Resources */ = {isa = PBXBuildFile; fileRef = 933B36F51ADBC4DD0078B9F9 /* LaunchScreen.xib */; };
		933B37031ADBC4DD0078B9F9 /* HW_NetworkingTests.m in Sources */ = {isa = PBXBuildFile; fileRef = 933B37021ADBC4DD0078B9F9 /* HW_NetworkingTests.m */; };
		933B37151ADCF4150078B9F9 /* OreoParkInfoCell.m in Sources */ = {isa = PBXBuildFile; fileRef = 933B37141ADCF4150078B9F9 /* OreoParkInfoCell.m */; };
		933B37181ADCF5550078B9F9 /* OreoParkDelegateController.m in Sources */ = {isa = PBXBuildFile; fileRef = 933B37171ADCF5550078B9F9 /* OreoParkDelegateController.m */; };
		933B371B1ADD0A510078B9F9 /* OreoMapViewController.m in Sources */ = {isa = PBXBuildFile; fileRef = 933B371A1ADD0A510078B9F9 /* OreoMapViewController.m */; };
		933B371F1ADD11A70078B9F9 /* OreoCoordinateFinder.m in Sources */ = {isa = PBXBuildFile; fileRef = 933B371E1ADD11A70078B9F9 /* OreoCoordinateFinder.m */; };
		93D76B3E1AE2293100293C3B /* OreoParkCompletionController.m in Sources */ = {isa = PBXBuildFile; fileRef = 93D76B3D1AE2293100293C3B /* OreoParkCompletionController.m */; };
		93D76B411AE2731900293C3B /* OreoParkSessionController.m in Sources */ = {isa = PBXBuildFile; fileRef = 93D76B401AE2731900293C3B /* OreoParkSessionController.m */; };
		93D76B441AE2857400293C3B /* OreoParkNetworkingController.m in Sources */ = {isa = PBXBuildFile; fileRef = 93D76B431AE2857400293C3B /* OreoParkNetworkingController.m */; };
		F990621BFDB085A52B5927AE /* libPods.a in Frameworks */ = {isa = PBXBuildFile; fileRef = D3508930263E8835F826B20C /* libPods.a */; };
/* End PBXBuildFile section */

/* Begin PBXContainerItemProxy section */
		933B36FD1ADBC4DD0078B9F9 /* PBXContainerItemProxy */ = {
			isa = PBXContainerItemProxy;
			containerPortal = 933B36DB1ADBC4DD0078B9F9 /* Project object */;
			proxyType = 1;
			remoteGlobalIDString = 933B36E21ADBC4DD0078B9F9;
			remoteInfo = "HW-Networking";
		};
/* End PBXContainerItemProxy section */

/* Begin PBXFileReference section */
		1F312D65E6C595B0C291E981 /* Pods.release.xcconfig */ = {isa = PBXFileReference; includeInIndex = 1; lastKnownFileType = text.xcconfig; name = Pods.release.xcconfig; path = "Pods/Target Support Files/Pods/Pods.release.xcconfig"; sourceTree = "<group>"; };
		3148E26543D8ADD4339F48FB /* Pods.debug.xcconfig */ = {isa = PBXFileReference; includeInIndex = 1; lastKnownFileType = text.xcconfig; name = Pods.debug.xcconfig; path = "Pods/Target Support Files/Pods/Pods.debug.xcconfig"; sourceTree = "<group>"; };
		933B36E31ADBC4DD0078B9F9 /* HW-Networking.app */ = {isa = PBXFileReference; explicitFileType = wrapper.application; includeInIndex = 0; path = "HW-Networking.app"; sourceTree = BUILT_PRODUCTS_DIR; };
		933B36E71ADBC4DD0078B9F9 /* Info.plist */ = {isa = PBXFileReference; lastKnownFileType = text.plist.xml; path = Info.plist; sourceTree = "<group>"; };
		933B36E81ADBC4DD0078B9F9 /* main.m */ = {isa = PBXFileReference; lastKnownFileType = sourcecode.c.objc; path = main.m; sourceTree = "<group>"; };
		933B36EA1ADBC4DD0078B9F9 /* AppDelegate.h */ = {isa = PBXFileReference; lastKnownFileType = sourcecode.c.h; path = AppDelegate.h; sourceTree = "<group>"; };
		933B36EB1ADBC4DD0078B9F9 /* AppDelegate.m */ = {isa = PBXFileReference; lastKnownFileType = sourcecode.c.objc; path = AppDelegate.m; sourceTree = "<group>"; };
		933B36F11ADBC4DD0078B9F9 /* Base */ = {isa = PBXFileReference; lastKnownFileType = file.storyboard; name = Base; path = Base.lproj/Main.storyboard; sourceTree = "<group>"; };
		933B36F31ADBC4DD0078B9F9 /* Images.xcassets */ = {isa = PBXFileReference; lastKnownFileType = folder.assetcatalog; path = Images.xcassets; sourceTree = "<group>"; };
		933B36F61ADBC4DD0078B9F9 /* Base */ = {isa = PBXFileReference; lastKnownFileType = file.xib; name = Base; path = Base.lproj/LaunchScreen.xib; sourceTree = "<group>"; };
		933B36FC1ADBC4DD0078B9F9 /* HW-NetworkingTests.xctest */ = {isa = PBXFileReference; explicitFileType = wrapper.cfbundle; includeInIndex = 0; path = "HW-NetworkingTests.xctest"; sourceTree = BUILT_PRODUCTS_DIR; };
		933B37011ADBC4DD0078B9F9 /* Info.plist */ = {isa = PBXFileReference; lastKnownFileType = text.plist.xml; path = Info.plist; sourceTree = "<group>"; };
		933B37021ADBC4DD0078B9F9 /* HW_NetworkingTests.m */ = {isa = PBXFileReference; lastKnownFileType = sourcecode.c.objc; path = HW_NetworkingTests.m; sourceTree = "<group>"; };
		933B37131ADCF4150078B9F9 /* OreoParkInfoCell.h */ = {isa = PBXFileReference; fileEncoding = 4; lastKnownFileType = sourcecode.c.h; path = OreoParkInfoCell.h; sourceTree = "<group>"; };
		933B37141ADCF4150078B9F9 /* OreoParkInfoCell.m */ = {isa = PBXFileReference; fileEncoding = 4; lastKnownFileType = sourcecode.c.objc; path = OreoParkInfoCell.m; sourceTree = "<group>"; };
		933B37161ADCF5550078B9F9 /* OreoParkDelegateController.h */ = {isa = PBXFileReference; fileEncoding = 4; lastKnownFileType = sourcecode.c.h; path = OreoParkDelegateController.h; sourceTree = "<group>"; };
		933B37171ADCF5550078B9F9 /* OreoParkDelegateController.m */ = {isa = PBXFileReference; fileEncoding = 4; lastKnownFileType = sourcecode.c.objc; path = OreoParkDelegateController.m; sourceTree = "<group>"; };
		933B37191ADD0A510078B9F9 /* OreoMapViewController.h */ = {isa = PBXFileReference; fileEncoding = 4; lastKnownFileType = sourcecode.c.h; path = OreoMapViewController.h; sourceTree = "<group>"; };
		933B371A1ADD0A510078B9F9 /* OreoMapViewController.m */ = {isa = PBXFileReference; fileEncoding = 4; lastKnownFileType = sourcecode.c.objc; path = OreoMapViewController.m; sourceTree = "<group>"; };
		933B371D1ADD11A70078B9F9 /* OreoCoordinateFinder.h */ = {isa = PBXFileReference; fileEncoding = 4; lastKnownFileType = sourcecode.c.h; path = OreoCoordinateFinder.h; sourceTree = "<group>"; };
		933B371E1ADD11A70078B9F9 /* OreoCoordinateFinder.m */ = {isa = PBXFileReference; fileEncoding = 4; lastKnownFileType = sourcecode.c.objc; path = OreoCoordinateFinder.m; sourceTree = "<group>"; };
		93D76B3C1AE2293100293C3B /* OreoParkCompletionController.h */ = {isa = PBXFileReference; fileEncoding = 4; lastKnownFileType = sourcecode.c.h; path = OreoParkCompletionController.h; sourceTree = "<group>"; };
		93D76B3D1AE2293100293C3B /* OreoParkCompletionController.m */ = {isa = PBXFileReference; fileEncoding = 4; lastKnownFileType = sourcecode.c.objc; path = OreoParkCompletionController.m; sourceTree = "<group>"; };
		93D76B3F1AE2731900293C3B /* OreoParkSessionController.h */ = {isa = PBXFileReference; fileEncoding = 4; lastKnownFileType = sourcecode.c.h; path = OreoParkSessionController.h; sourceTree = "<group>"; };
		93D76B401AE2731900293C3B /* OreoParkSessionController.m */ = {isa = PBXFileReference; fileEncoding = 4; lastKnownFileType = sourcecode.c.objc; path = OreoParkSessionController.m; sourceTree = "<group>"; };
		93D76B421AE2857400293C3B /* OreoParkNetworkingController.h */ = {isa = PBXFileReference; fileEncoding = 4; lastKnownFileType = sourcecode.c.h; path = OreoParkNetworkingController.h; sourceTree = "<group>"; };
		93D76B431AE2857400293C3B /* OreoParkNetworkingController.m */ = {isa = PBXFileReference; fileEncoding = 4; lastKnownFileType = sourcecode.c.objc; path = OreoParkNetworkingController.m; sourceTree = "<group>"; };
		D3508930263E8835F826B20C /* libPods.a */ = {isa = PBXFileReference; explicitFileType = archive.ar; includeInIndex = 0; path = libPods.a; sourceTree = BUILT_PRODUCTS_DIR; };
/* End PBXFileReference section */

/* Begin PBXFrameworksBuildPhase section */
		933B36E01ADBC4DD0078B9F9 /* Frameworks */ = {
			isa = PBXFrameworksBuildPhase;
			buildActionMask = 2147483647;
			files = (
				F990621BFDB085A52B5927AE /* libPods.a in Frameworks */,
			);
			runOnlyForDeploymentPostprocessing = 0;
		};
		933B36F91ADBC4DD0078B9F9 /* Frameworks */ = {
			isa = PBXFrameworksBuildPhase;
			buildActionMask = 2147483647;
			files = (
			);
			runOnlyForDeploymentPostprocessing = 0;
		};
/* End PBXFrameworksBuildPhase section */

/* Begin PBXGroup section */
		5352D3CD5AAE42142F981BF0 /* Frameworks */ = {
			isa = PBXGroup;
			children = (
				D3508930263E8835F826B20C /* libPods.a */,
			);
			name = Frameworks;
			sourceTree = "<group>";
		};
		933B36DA1ADBC4DD0078B9F9 = {
			isa = PBXGroup;
			children = (
				933B36E51ADBC4DD0078B9F9 /* HW-Networking */,
				933B36FF1ADBC4DD0078B9F9 /* HW-NetworkingTests */,
				933B36E41ADBC4DD0078B9F9 /* Products */,
				9C5917D872343F7D0E8F5A07 /* Pods */,
				5352D3CD5AAE42142F981BF0 /* Frameworks */,
			);
			sourceTree = "<group>";
		};
		933B36E41ADBC4DD0078B9F9 /* Products */ = {
			isa = PBXGroup;
			children = (
				933B36E31ADBC4DD0078B9F9 /* HW-Networking.app */,
				933B36FC1ADBC4DD0078B9F9 /* HW-NetworkingTests.xctest */,
			);
			name = Products;
			sourceTree = "<group>";
		};
		933B36E51ADBC4DD0078B9F9 /* HW-Networking */ = {
			isa = PBXGroup;
			children = (
				933B371C1ADD11760078B9F9 /* Object */,
				933B370D1ADBC51B0078B9F9 /* ViewController */,
				933B370C1ADBC5150078B9F9 /* View */,
				933B36EA1ADBC4DD0078B9F9 /* AppDelegate.h */,
				933B36EB1ADBC4DD0078B9F9 /* AppDelegate.m */,
				933B36F01ADBC4DD0078B9F9 /* Main.storyboard */,
				933B36F31ADBC4DD0078B9F9 /* Images.xcassets */,
				933B36F51ADBC4DD0078B9F9 /* LaunchScreen.xib */,
				933B36E61ADBC4DD0078B9F9 /* Supporting Files */,
			);
			path = "HW-Networking";
			sourceTree = "<group>";
		};
		933B36E61ADBC4DD0078B9F9 /* Supporting Files */ = {
			isa = PBXGroup;
			children = (
				933B36E71ADBC4DD0078B9F9 /* Info.plist */,
				933B36E81ADBC4DD0078B9F9 /* main.m */,
			);
			name = "Supporting Files";
			sourceTree = "<group>";
		};
		933B36FF1ADBC4DD0078B9F9 /* HW-NetworkingTests */ = {
			isa = PBXGroup;
			children = (
				933B37021ADBC4DD0078B9F9 /* HW_NetworkingTests.m */,
				933B37001ADBC4DD0078B9F9 /* Supporting Files */,
			);
			path = "HW-NetworkingTests";
			sourceTree = "<group>";
		};
		933B37001ADBC4DD0078B9F9 /* Supporting Files */ = {
			isa = PBXGroup;
			children = (
				933B37011ADBC4DD0078B9F9 /* Info.plist */,
			);
			name = "Supporting Files";
			sourceTree = "<group>";
		};
		933B370C1ADBC5150078B9F9 /* View */ = {
			isa = PBXGroup;
			children = (
				933B37131ADCF4150078B9F9 /* OreoParkInfoCell.h */,
				933B37141ADCF4150078B9F9 /* OreoParkInfoCell.m */,
			);
			name = View;
			sourceTree = "<group>";
		};
		933B370D1ADBC51B0078B9F9 /* ViewController */ = {
			isa = PBXGroup;
			children = (
				933B37161ADCF5550078B9F9 /* OreoParkDelegateController.h */,
				933B37171ADCF5550078B9F9 /* OreoParkDelegateController.m */,
				93D76B3C1AE2293100293C3B /* OreoParkCompletionController.h */,
				93D76B3D1AE2293100293C3B /* OreoParkCompletionController.m */,
				93D76B3F1AE2731900293C3B /* OreoParkSessionController.h */,
				93D76B401AE2731900293C3B /* OreoParkSessionController.m */,
				93D76B421AE2857400293C3B /* OreoParkNetworkingController.h */,
				93D76B431AE2857400293C3B /* OreoParkNetworkingController.m */,
				933B37191ADD0A510078B9F9 /* OreoMapViewController.h */,
				933B371A1ADD0A510078B9F9 /* OreoMapViewController.m */,
			);
			name = ViewController;
			sourceTree = "<group>";
		};
		933B371C1ADD11760078B9F9 /* Object */ = {
			isa = PBXGroup;
			children = (
				933B371D1ADD11A70078B9F9 /* OreoCoordinateFinder.h */,
				933B371E1ADD11A70078B9F9 /* OreoCoordinateFinder.m */,
			);
			name = Object;
			sourceTree = "<group>";
		};
		9C5917D872343F7D0E8F5A07 /* Pods */ = {
			isa = PBXGroup;
			children = (
				3148E26543D8ADD4339F48FB /* Pods.debug.xcconfig */,
				1F312D65E6C595B0C291E981 /* Pods.release.xcconfig */,
			);
			name = Pods;
			sourceTree = "<group>";
		};
/* End PBXGroup section */

/* Begin PBXNativeTarget section */
		933B36E21ADBC4DD0078B9F9 /* HW-Networking */ = {
			isa = PBXNativeTarget;
			buildConfigurationList = 933B37061ADBC4DD0078B9F9 /* Build configuration list for PBXNativeTarget "HW-Networking" */;
			buildPhases = (
				59FA143A855B3594B53A3BC5 /* Check Pods Manifest.lock */,
				933B36DF1ADBC4DD0078B9F9 /* Sources */,
				933B36E01ADBC4DD0078B9F9 /* Frameworks */,
				933B36E11ADBC4DD0078B9F9 /* Resources */,
				2BE9FF5C3C0B43E038F96EAA /* Copy Pods Resources */,
			);
			buildRules = (
			);
			dependencies = (
			);
			name = "HW-Networking";
			productName = "HW-Networking";
			productReference = 933B36E31ADBC4DD0078B9F9 /* HW-Networking.app */;
			productType = "com.apple.product-type.application";
		};
		933B36FB1ADBC4DD0078B9F9 /* HW-NetworkingTests */ = {
			isa = PBXNativeTarget;
			buildConfigurationList = 933B37091ADBC4DD0078B9F9 /* Build configuration list for PBXNativeTarget "HW-NetworkingTests" */;
			buildPhases = (
				933B36F81ADBC4DD0078B9F9 /* Sources */,
				933B36F91ADBC4DD0078B9F9 /* Frameworks */,
				933B36FA1ADBC4DD0078B9F9 /* Resources */,
			);
			buildRules = (
			);
			dependencies = (
				933B36FE1ADBC4DD0078B9F9 /* PBXTargetDependency */,
			);
			name = "HW-NetworkingTests";
			productName = "HW-NetworkingTests";
			productReference = 933B36FC1ADBC4DD0078B9F9 /* HW-NetworkingTests.xctest */;
			productType = "com.apple.product-type.bundle.unit-test";
		};
/* End PBXNativeTarget section */

/* Begin PBXProject section */
		933B36DB1ADBC4DD0078B9F9 /* Project object */ = {
			isa = PBXProject;
			attributes = {
				CLASSPREFIX = Oreo;
				LastUpgradeCheck = 0630;
				ORGANIZATIONNAME = ALPHACamp;
				TargetAttributes = {
					933B36E21ADBC4DD0078B9F9 = {
						CreatedOnToolsVersion = 6.3;
					};
					933B36FB1ADBC4DD0078B9F9 = {
						CreatedOnToolsVersion = 6.3;
						TestTargetID = 933B36E21ADBC4DD0078B9F9;
					};
				};
			};
			buildConfigurationList = 933B36DE1ADBC4DD0078B9F9 /* Build configuration list for PBXProject "HW-Networking" */;
			compatibilityVersion = "Xcode 3.2";
			developmentRegion = English;
			hasScannedForEncodings = 0;
			knownRegions = (
				en,
				Base,
			);
			mainGroup = 933B36DA1ADBC4DD0078B9F9;
			productRefGroup = 933B36E41ADBC4DD0078B9F9 /* Products */;
			projectDirPath = "";
			projectRoot = "";
			targets = (
				933B36E21ADBC4DD0078B9F9 /* HW-Networking */,
				933B36FB1ADBC4DD0078B9F9 /* HW-NetworkingTests */,
			);
		};
/* End PBXProject section */

/* Begin PBXResourcesBuildPhase section */
		933B36E11ADBC4DD0078B9F9 /* Resources */ = {
			isa = PBXResourcesBuildPhase;
			buildActionMask = 2147483647;
			files = (
				933B36F21ADBC4DD0078B9F9 /* Main.storyboard in Resources */,
				933B36F71ADBC4DD0078B9F9 /* LaunchScreen.xib in Resources */,
				933B36F41ADBC4DD0078B9F9 /* Images.xcassets in Resources */,
			);
			runOnlyForDeploymentPostprocessing = 0;
		};
		933B36FA1ADBC4DD0078B9F9 /* Resources */ = {
			isa = PBXResourcesBuildPhase;
			buildActionMask = 2147483647;
			files = (
			);
			runOnlyForDeploymentPostprocessing = 0;
		};
/* End PBXResourcesBuildPhase section */

/* Begin PBXShellScriptBuildPhase section */
		2BE9FF5C3C0B43E038F96EAA /* Copy Pods Resources */ = {
			isa = PBXShellScriptBuildPhase;
			buildActionMask = 2147483647;
			files = (
			);
			inputPaths = (
			);
			name = "Copy Pods Resources";
			outputPaths = (
			);
			runOnlyForDeploymentPostprocessing = 0;
			shellPath = /bin/sh;
			shellScript = "\"${SRCROOT}/Pods/Target Support Files/Pods/Pods-resources.sh\"\n";
			showEnvVarsInLog = 0;
		};
		59FA143A855B3594B53A3BC5 /* Check Pods Manifest.lock */ = {
			isa = PBXShellScriptBuildPhase;
			buildActionMask = 2147483647;
			files = (
			);
			inputPaths = (
			);
			name = "Check Pods Manifest.lock";
			outputPaths = (
			);
			runOnlyForDeploymentPostprocessing = 0;
			shellPath = /bin/sh;
			shellScript = "diff \"${PODS_ROOT}/../Podfile.lock\" \"${PODS_ROOT}/Manifest.lock\" > /dev/null\nif [[ $? != 0 ]] ; then\n    cat << EOM\nerror: The sandbox is not in sync with the Podfile.lock. Run 'pod install' or update your CocoaPods installation.\nEOM\n    exit 1\nfi\n";
			showEnvVarsInLog = 0;
		};
/* End PBXShellScriptBuildPhase section */

/* Begin PBXSourcesBuildPhase section */
		933B36DF1ADBC4DD0078B9F9 /* Sources */ = {
			isa = PBXSourcesBuildPhase;
			buildActionMask = 2147483647;
			files = (
				933B36EC1ADBC4DD0078B9F9 /* AppDelegate.m in Sources */,
				93D76B411AE2731900293C3B /* OreoParkSessionController.m in Sources */,
				93D76B3E1AE2293100293C3B /* OreoParkCompletionController.m in Sources */,
				933B37181ADCF5550078B9F9 /* OreoParkDelegateController.m in Sources */,
				933B37151ADCF4150078B9F9 /* OreoParkInfoCell.m in Sources */,
				93D76B441AE2857400293C3B /* OreoParkNetworkingController.m in Sources */,
				933B36E91ADBC4DD0078B9F9 /* main.m in Sources */,
				933B371F1ADD11A70078B9F9 /* OreoCoordinateFinder.m in Sources */,
				933B371B1ADD0A510078B9F9 /* OreoMapViewController.m in Sources */,
			);
			runOnlyForDeploymentPostprocessing = 0;
		};
		933B36F81ADBC4DD0078B9F9 /* Sources */ = {
			isa = PBXSourcesBuildPhase;
			buildActionMask = 2147483647;
			files = (
				933B37031ADBC4DD0078B9F9 /* HW_NetworkingTests.m in Sources */,
			);
			runOnlyForDeploymentPostprocessing = 0;
		};
/* End PBXSourcesBuildPhase section */

/* Begin PBXTargetDependency section */
		933B36FE1ADBC4DD0078B9F9 /* PBXTargetDependency */ = {
			isa = PBXTargetDependency;
			target = 933B36E21ADBC4DD0078B9F9 /* HW-Networking */;
			targetProxy = 933B36FD1ADBC4DD0078B9F9 /* PBXContainerItemProxy */;
		};
/* End PBXTargetDependency section */

/* Begin PBXVariantGroup section */
		933B36F01ADBC4DD0078B9F9 /* Main.storyboard */ = {
			isa = PBXVariantGroup;
			children = (
				933B36F11ADBC4DD0078B9F9 /* Base */,
			);
			name = Main.storyboard;
			sourceTree = "<group>";
		};
		933B36F51ADBC4DD0078B9F9 /* LaunchScreen.xib */ = {
			isa = PBXVariantGroup;
			children = (
				933B36F61ADBC4DD0078B9F9 /* Base */,
			);
			name = LaunchScreen.xib;
			sourceTree = "<group>";
		};
/* End PBXVariantGroup section */

/* Begin XCBuildConfiguration section */
		933B37041ADBC4DD0078B9F9 /* Debug */ = {
			isa = XCBuildConfiguration;
			buildSettings = {
				ALWAYS_SEARCH_USER_PATHS = NO;
				CLANG_CXX_LANGUAGE_STANDARD = "gnu++0x";
				CLANG_CXX_LIBRARY = "libc++";
				CLANG_ENABLE_MODULES = YES;
				CLANG_ENABLE_OBJC_ARC = YES;
				CLANG_WARN_BOOL_CONVERSION = YES;
				CLANG_WARN_CONSTANT_CONVERSION = YES;
				CLANG_WARN_DIRECT_OBJC_ISA_USAGE = YES_ERROR;
				CLANG_WARN_EMPTY_BODY = YES;
				CLANG_WARN_ENUM_CONVERSION = YES;
				CLANG_WARN_INT_CONVERSION = YES;
				CLANG_WARN_OBJC_ROOT_CLASS = YES_ERROR;
				CLANG_WARN_UNREACHABLE_CODE = YES;
				CLANG_WARN__DUPLICATE_METHOD_MATCH = YES;
				"CODE_SIGN_IDENTITY[sdk=iphoneos*]" = "iPhone Developer";
				COPY_PHASE_STRIP = NO;
				DEBUG_INFORMATION_FORMAT = "dwarf-with-dsym";
				ENABLE_STRICT_OBJC_MSGSEND = YES;
				GCC_C_LANGUAGE_STANDARD = gnu99;
				GCC_DYNAMIC_NO_PIC = NO;
				GCC_NO_COMMON_BLOCKS = YES;
				GCC_OPTIMIZATION_LEVEL = 0;
				GCC_PREPROCESSOR_DEFINITIONS = (
					"DEBUG=1",
					"$(inherited)",
				);
				GCC_SYMBOLS_PRIVATE_EXTERN = NO;
				GCC_WARN_64_TO_32_BIT_CONVERSION = YES;
				GCC_WARN_ABOUT_RETURN_TYPE = YES_ERROR;
				GCC_WARN_UNDECLARED_SELECTOR = YES;
				GCC_WARN_UNINITIALIZED_AUTOS = YES_AGGRESSIVE;
				GCC_WARN_UNUSED_FUNCTION = YES;
				GCC_WARN_UNUSED_VARIABLE = YES;
				IPHONEOS_DEPLOYMENT_TARGET = 8.3;
				MTL_ENABLE_DEBUG_INFO = YES;
				ONLY_ACTIVE_ARCH = YES;
				SDKROOT = iphoneos;
			};
			name = Debug;
		};
		933B37051ADBC4DD0078B9F9 /* Release */ = {
			isa = XCBuildConfiguration;
			buildSettings = {
				ALWAYS_SEARCH_USER_PATHS = NO;
				CLANG_CXX_LANGUAGE_STANDARD = "gnu++0x";
				CLANG_CXX_LIBRARY = "libc++";
				CLANG_ENABLE_MODULES = YES;
				CLANG_ENABLE_OBJC_ARC = YES;
				CLANG_WARN_BOOL_CONVERSION = YES;
				CLANG_WARN_CONSTANT_CONVERSION = YES;
				CLANG_WARN_DIRECT_OBJC_ISA_USAGE = YES_ERROR;
				CLANG_WARN_EMPTY_BODY = YES;
				CLANG_WARN_ENUM_CONVERSION = YES;
				CLANG_WARN_INT_CONVERSION = YES;
				CLANG_WARN_OBJC_ROOT_CLASS = YES_ERROR;
				CLANG_WARN_UNREACHABLE_CODE = YES;
				CLANG_WARN__DUPLICATE_METHOD_MATCH = YES;
				"CODE_SIGN_IDENTITY[sdk=iphoneos*]" = "iPhone Developer";
				COPY_PHASE_STRIP = NO;
				DEBUG_INFORMATION_FORMAT = "dwarf-with-dsym";
				ENABLE_NS_ASSERTIONS = NO;
				ENABLE_STRICT_OBJC_MSGSEND = YES;
				GCC_C_LANGUAGE_STANDARD = gnu99;
				GCC_NO_COMMON_BLOCKS = YES;
				GCC_WARN_64_TO_32_BIT_CONVERSION = YES;
				GCC_WARN_ABOUT_RETURN_TYPE = YES_ERROR;
				GCC_WARN_UNDECLARED_SELECTOR = YES;
				GCC_WARN_UNINITIALIZED_AUTOS = YES_AGGRESSIVE;
				GCC_WARN_UNUSED_FUNCTION = YES;
				GCC_WARN_UNUSED_VARIABLE = YES;
				IPHONEOS_DEPLOYMENT_TARGET = 8.3;
				MTL_ENABLE_DEBUG_INFO = NO;
				SDKROOT = iphoneos;
				VALIDATE_PRODUCT = YES;
			};
			name = Release;
		};
		933B37071ADBC4DD0078B9F9 /* Debug */ = {
			isa = XCBuildConfiguration;
			baseConfigurationReference = 3148E26543D8ADD4339F48FB /* Pods.debug.xcconfig */;
			buildSettings = {
				ASSETCATALOG_COMPILER_APPICON_NAME = AppIcon;
				INFOPLIST_FILE = "HW-Networking/Info.plist";
				IPHONEOS_DEPLOYMENT_TARGET = 8.2;
				LD_RUNPATH_SEARCH_PATHS = "$(inherited) @executable_path/Frameworks";
				PRODUCT_NAME = "$(TARGET_NAME)";
			};
			name = Debug;
		};
		933B37081ADBC4DD0078B9F9 /* Release */ = {
			isa = XCBuildConfiguration;
			baseConfigurationReference = 1F312D65E6C595B0C291E981 /* Pods.release.xcconfig */;
			buildSettings = {
				ASSETCATALOG_COMPILER_APPICON_NAME = AppIcon;
				INFOPLIST_FILE = "HW-Networking/Info.plist";
				IPHONEOS_DEPLOYMENT_TARGET = 8.2;
				LD_RUNPATH_SEARCH_PATHS = "$(inherited) @executable_path/Frameworks";
				PRODUCT_NAME = "$(TARGET_NAME)";
			};
			name = Release;
		};
		933B370A1ADBC4DD0078B9F9 /* Debug */ = {
			isa = XCBuildConfiguration;
			buildSettings = {
				BUNDLE_LOADER = "$(TEST_HOST)";
				FRAMEWORK_SEARCH_PATHS = (
					"$(SDKROOT)/Developer/Library/Frameworks",
					"$(inherited)",
				);
				GCC_PREPROCESSOR_DEFINITIONS = (
					"DEBUG=1",
					"$(inherited)",
				);
				INFOPLIST_FILE = "HW-NetworkingTests/Info.plist";
				LD_RUNPATH_SEARCH_PATHS = "$(inherited) @executable_path/Frameworks @loader_path/Frameworks";
				PRODUCT_NAME = "$(TARGET_NAME)";
				TEST_HOST = "$(BUILT_PRODUCTS_DIR)/HW-Networking.app/HW-Networking";
			};
			name = Debug;
		};
		933B370B1ADBC4DD0078B9F9 /* Release */ = {
			isa = XCBuildConfiguration;
			buildSettings = {
				BUNDLE_LOADER = "$(TEST_HOST)";
				FRAMEWORK_SEARCH_PATHS = (
					"$(SDKROOT)/Developer/Library/Frameworks",
					"$(inherited)",
				);
				INFOPLIST_FILE = "HW-NetworkingTests/Info.plist";
				LD_RUNPATH_SEARCH_PATHS = "$(inherited) @executable_path/Frameworks @loader_path/Frameworks";
				PRODUCT_NAME = "$(TARGET_NAME)";
				TEST_HOST = "$(BUILT_PRODUCTS_DIR)/HW-Networking.app/HW-Networking";
			};
			name = Release;
		};
/* End XCBuildConfiguration section */

/* Begin XCConfigurationList section */
		933B36DE1ADBC4DD0078B9F9 /* Build configuration list for PBXProject "HW-Networking" */ = {
			isa = XCConfigurationList;
			buildConfigurations = (
				933B37041ADBC4DD0078B9F9 /* Debug */,
				933B37051ADBC4DD0078B9F9 /* Release */,
			);
			defaultConfigurationIsVisible = 0;
			defaultConfigurationName = Release;
		};
		933B37061ADBC4DD0078B9F9 /* Build configuration list for PBXNativeTarget "HW-Networking" */ = {
			isa = XCConfigurationList;
			buildConfigurations = (
				933B37071ADBC4DD0078B9F9 /* Debug */,
				933B37081ADBC4DD0078B9F9 /* Release */,
			);
			defaultConfigurationIsVisible = 0;
			defaultConfigurationName = Release;
		};
		933B37091ADBC4DD0078B9F9 /* Build configuration list for PBXNativeTarget "HW-NetworkingTests" */ = {
			isa = XCConfigurationList;
			buildConfigurations = (
				933B370A1ADBC4DD0078B9F9 /* Debug */,
				933B370B1ADBC4DD0078B9F9 /* Release */,
			);
			defaultConfigurationIsVisible = 0;
			defaultConfigurationName = Release;
		};
/* End XCConfigurationList section */
	};
	rootObject = 933B36DB1ADBC4DD0078B9F9 /* Project object */;
}
